
Microsoft Visual Studio Solution File, Format Version 12.00
# Visual Studio Version 16
VisualStudioVersion = 16.0.29709.97
MinimumVisualStudioVersion = 10.0.40219.1
Project("{FAE04EC0-301F-11D3-BF4B-00C04F79EFBC}") = "SignalRChat", "SignalRChat\SignalRChat.csproj", "{CADB586F-476D-4A9D-9FB9-360554EC2C03}"
EndProject
Global
	GlobalSection(SolutionConfigurationPlatforms) = preSolution
		Debug|Any CPU = Debug|Any CPU
		Release|Any CPU = Release|Any CPU
	EndGlobalSection
	GlobalSection(ProjectConfigurationPlatforms) = postSolution
		{CADB586F-476D-4A9D-9FB9-360554EC2C03}.Debug|Any CPU.ActiveCfg = Debug|Any CPU
		{CADB586F-476D-4A9D-9FB9-360554EC2C03}.Debug|Any CPU.Build.0 = Debug|Any CPU
		{CADB586F-476D-4A9D-9FB9-360554EC2C03}.Release|Any CPU.ActiveCfg = Release|Any CPU
		{CADB586F-476D-4A9D-9FB9-360554EC2C03}.Release|Any CPU.Build.0 = Release|Any CPU
	EndGlobalSection
	GlobalSection(SolutionProperties) = preSolution
		HideSolutionNode = FALSE
	EndGlobalSection
	GlobalSection(ExtensibilityGlobals) = postSolution
		SolutionGuid = {97A18C74-F6FC-4E80-974B-DDD550C7E56B}
	EndGlobalSection
EndGlobal
